<?xml version="1.0" encoding="utf-8"?>
<Project ToolsVersion="Current" xmlns="http://schemas.microsoft.com/developer/msbuild/2003">
  <ItemGroup>
    <CudaCompile Include="exercises\CudaTest.cu">
      <Filter>exercises</Filter>
    </CudaCompile>
    <CudaCompile Include="exercises\kernel.cu">
      <Filter>exercises</Filter>
    </CudaCompile>
    <CudaCompile Include="exercises\hw1\_hello.cu">
      <Filter>exercises\hw1</Filter>
    </CudaCompile>
    <CudaCompile Include="exercises\hw1\_vector_add.cu">
      <Filter>exercises\hw1</Filter>
    </CudaCompile>
    <CudaCompile Include="exercises\hw1\_matrix_mul.cu">
      <Filter>exercises\hw1</Filter>
    </CudaCompile>
  </ItemGroup>
  <ItemGroup>
    <Filter Include="textures">
      <UniqueIdentifier>{551d03c1-be5d-40d3-8e85-1c059f66900a}</UniqueIdentifier>
    </Filter>
    <Filter Include="shaders">
      <UniqueIdentifier>{d31ad93d-eafa-4a87-b46d-20c44bbc9353}</UniqueIdentifier>
    </Filter>
    <Filter Include="physics">
      <UniqueIdentifier>{f1341a4a-f47e-4659-ac3c-e482b4b533f3}</UniqueIdentifier>
    </Filter>
    <Filter Include="rendering">
      <UniqueIdentifier>{2287b835-ee3e-4be8-bb14-b6a5713486a1}</UniqueIdentifier>
    </Filter>
    <Filter Include="exercises">
      <UniqueIdentifier>{0b8472fa-8dcb-4000-bfb5-d93b3739a8cd}</UniqueIdentifier>
    </Filter>
    <Filter Include="exercises\hw1">
      <UniqueIdentifier>{fade3319-8cab-4d6f-814c-6735b473471b}</UniqueIdentifier>
    </Filter>
  </ItemGroup>
  <ItemGroup>
    <None Include="shaders\FragmentShader.glsl">
      <Filter>shaders</Filter>
    </None>
    <None Include="shaders\ModelFragmentShader.glsl">
      <Filter>shaders</Filter>
    </None>
    <None Include="shaders\ModelVertexShader.glsl">
      <Filter>shaders</Filter>
    </None>
    <None Include="shaders\TextureFragmentShader.glsl">
      <Filter>shaders</Filter>
    </None>
    <None Include="shaders\TextureVertexShader.glsl">
      <Filter>shaders</Filter>
    </None>
    <None Include="shaders\VertexShader.glsl">
      <Filter>shaders</Filter>
    </None>
    <None Include="exercises\hw1\readme.md">
      <Filter>exercises\hw1</Filter>
    </None>
    <None Include="README.md" />
  </ItemGroup>
  <ItemGroup>
    <Text Include="shaders\shader_section.txt">
      <Filter>shaders</Filter>
    </Text>
    <Text Include="shaders\texture_section.txt">
      <Filter>shaders</Filter>
    </Text>
  </ItemGroup>
  <ItemGroup>
    <Image Include="textures\awesomeface.png">
      <Filter>textures</Filter>
    </Image>
    <Image Include="textures\container.jpg">
      <Filter>textures</Filter>
    </Image>
  </ItemGroup>
  <ItemGroup>
    <ClCompile Include="rendering\main.cpp">
      <Filter>rendering</Filter>
    </ClCompile>
    <ClCompile Include="rendering\ShaderProgram.cpp">
      <Filter>rendering</Filter>
    </ClCompile>
    <ClCompile Include="rendering\stb_image.cpp">
      <Filter>rendering</Filter>
    </ClCompile>
    <ClCompile Include="rendering\TextureLoader.cpp">
      <Filter>rendering</Filter>
    </ClCompile>
    <ClCompile Include="physics\collider.cpp">
      <Filter>physics</Filter>
    </ClCompile>
    <ClCompile Include="physics\Fluid.cpp">
      <Filter>physics</Filter>
    </ClCompile>
    <ClCompile Include="physics\logger.cpp">
      <Filter>physics</Filter>
    </ClCompile>
    <ClCompile Include="physics\object3d.cpp">
      <Filter>physics</Filter>
    </ClCompile>
    <ClCompile Include="physics\Particle.cpp">
      <Filter>physics</Filter>
    </ClCompile>
    <ClCompile Include="physics\plane.cpp">
      <Filter>physics</Filter>
    </ClCompile>
    <ClCompile Include="physics\sphere.cpp">
      <Filter>physics</Filter>
    </ClCompile>
    <ClCompile Include="physics\springmesh.cpp">
      <Filter>physics</Filter>
    </ClCompile>
    <ClCompile Include="physics\springmeshcube.cpp">
      <Filter>physics</Filter>
    </ClCompile>
    <ClCompile Include="physics\util.cpp">
      <Filter>physics</Filter>
    </ClCompile>
    <ClCompile Include="rendering\glad.c">
      <Filter>rendering</Filter>
    </ClCompile>
    <ClCompile Include="exercises\cudaMain.cpp">
      <Filter>exercises</Filter>
    </ClCompile>
  </ItemGroup>
  <ItemGroup>
    <ClInclude Include="rendering\ShaderProgram.h">
      <Filter>rendering</Filter>
    </ClInclude>
    <ClInclude Include="rendering\stb_image.h">
      <Filter>rendering</Filter>
    </ClInclude>
    <ClInclude Include="physics\collider.h">
      <Filter>physics</Filter>
    </ClInclude>
    <ClInclude Include="physics\Fluid.h">
      <Filter>physics</Filter>
    </ClInclude>
    <ClInclude Include="physics\logger.h">
      <Filter>physics</Filter>
    </ClInclude>
    <ClInclude Include="physics\object3d.h">
      <Filter>physics</Filter>
    </ClInclude>
    <ClInclude Include="physics\Particle.h">
      <Filter>physics</Filter>
    </ClInclude>
    <ClInclude Include="physics\plane.h">
      <Filter>physics</Filter>
    </ClInclude>
    <ClInclude Include="physics\sphere.h">
      <Filter>physics</Filter>
    </ClInclude>
    <ClInclude Include="physics\springmesh.h">
      <Filter>physics</Filter>
    </ClInclude>
    <ClInclude Include="physics\springmeshcube.h">
      <Filter>physics</Filter>
    </ClInclude>
    <ClInclude Include="physics\util.h">
      <Filter>physics</Filter>
    </ClInclude>
    <ClInclude Include="exercises\hw1\_hello.cuh">
      <Filter>exercises\hw1</Filter>
    </ClInclude>
    <ClInclude Include="exercises\hw1\_vector_add.cuh">
      <Filter>exercises\hw1</Filter>
    </ClInclude>
    <ClInclude Include="exercises\hw1\_matrix_mul.cuh">
      <Filter>exercises\hw1</Filter>
    </ClInclude>
  </ItemGroup>
</Project>